
Microsoft Visual Studio Solution File, Format Version 12.00
# Visual Studio Version 17
VisualStudioVersion = 17.5.33516.290
MinimumVisualStudioVersion = 10.0.40219.1
Project("{9A19103F-16F7-4668-BE54-9A1E7A4F7556}") = "SignalRApi", "SignalRApi\SignalRApi.csproj", "{24CC0EF0-AC19-4E8C-B505-262F49C0115C}"
EndProject
Project("{9A19103F-16F7-4668-BE54-9A1E7A4F7556}") = "SingalRWebUI", "SingalRWebUI\SingalRWebUI.csproj", "{A31CDC30-5CA3-4EF0-952B-C69EA79F2334}"
EndProject
Project("{FAE04EC0-301F-11D3-BF4B-00C04F79EFBC}") = "SignalR.EntityLayer", "SignalR.EntityLayer\SignalR.EntityLayer.csproj", "{D89D142B-98AE-4F68-9D93-7B005EB332C5}"
EndProject
Global
	GlobalSection(SolutionConfigurationPlatforms) = preSolution
		Debug|Any CPU = Debug|Any CPU
		Release|Any CPU = Release|Any CPU
	EndGlobalSection
	GlobalSection(ProjectConfigurationPlatforms) = postSolution
		{24CC0EF0-AC19-4E8C-B505-262F49C0115C}.Debug|Any CPU.ActiveCfg = Debug|Any CPU
		{24CC0EF0-AC19-4E8C-B505-262F49C0115C}.Debug|Any CPU.Build.0 = Debug|Any CPU
		{24CC0EF0-AC19-4E8C-B505-262F49C0115C}.Release|Any CPU.ActiveCfg = Release|Any CPU
		{24CC0EF0-AC19-4E8C-B505-262F49C0115C}.Release|Any CPU.Build.0 = Release|Any CPU
		{A31CDC30-5CA3-4EF0-952B-C69EA79F2334}.Debug|Any CPU.ActiveCfg = Debug|Any CPU
		{A31CDC30-5CA3-4EF0-952B-C69EA79F2334}.Debug|Any CPU.Build.0 = Debug|Any CPU
		{A31CDC30-5CA3-4EF0-952B-C69EA79F2334}.Release|Any CPU.ActiveCfg = Release|Any CPU
		{A31CDC30-5CA3-4EF0-952B-C69EA79F2334}.Release|Any CPU.Build.0 = Release|Any CPU
		{D89D142B-98AE-4F68-9D93-7B005EB332C5}.Debug|Any CPU.ActiveCfg = Debug|Any CPU
		{D89D142B-98AE-4F68-9D93-7B005EB332C5}.Debug|Any CPU.Build.0 = Debug|Any CPU
		{D89D142B-98AE-4F68-9D93-7B005EB332C5}.Release|Any CPU.ActiveCfg = Release|Any CPU
		{D89D142B-98AE-4F68-9D93-7B005EB332C5}.Release|Any CPU.Build.0 = Release|Any CPU
	EndGlobalSection
	GlobalSection(SolutionProperties) = preSolution
		HideSolutionNode = FALSE
	EndGlobalSection
	GlobalSection(ExtensibilityGlobals) = postSolution
		SolutionGuid = {6C95AB36-6137-4D7C-AEBE-AB58A0072631}
	EndGlobalSection
EndGlobal
